
Microsoft Visual Studio Solution File, Format Version 12.00
# Visual Studio Version 17
VisualStudioVersion = 17.11.35327.3
MinimumVisualStudioVersion = 10.0.40219.1
Project("{FAE04EC0-301F-11D3-BF4B-00C04F79EFBC}") = "Sobota-Wyatt-a3-project-2", "Sobota-Wyatt-a3-project-2\Sobota-Wyatt-a3-project-2.csproj", "{348FA5BF-863F-4CE9-B3E5-8A4799EC0DD0}"
EndProject
Global
	GlobalSection(SolutionConfigurationPlatforms) = preSolution
		Debug|Any CPU = Debug|Any CPU
		Release|Any CPU = Release|Any CPU
	EndGlobalSection
	GlobalSection(ProjectConfigurationPlatforms) = postSolution
		{348FA5BF-863F-4CE9-B3E5-8A4799EC0DD0}.Debug|Any CPU.ActiveCfg = Debug|Any CPU
		{348FA5BF-863F-4CE9-B3E5-8A4799EC0DD0}.Debug|Any CPU.Build.0 = Debug|Any CPU
		{348FA5BF-863F-4CE9-B3E5-8A4799EC0DD0}.Release|Any CPU.ActiveCfg = Release|Any CPU
		{348FA5BF-863F-4CE9-B3E5-8A4799EC0DD0}.Release|Any CPU.Build.0 = Release|Any CPU
	EndGlobalSection
	GlobalSection(SolutionProperties) = preSolution
		HideSolutionNode = FALSE
	EndGlobalSection
	GlobalSection(ExtensibilityGlobals) = postSolution
		SolutionGuid = {7EF4FB7A-38E7-4830-93D1-C5B7B7CB9644}
	EndGlobalSection
EndGlobal
